
Microsoft Visual Studio Solution File, Format Version 12.00
# Visual Studio Version 17
VisualStudioVersion = 17.9.34622.214
MinimumVisualStudioVersion = 10.0.40219.1
Project("{FAE04EC0-301F-11D3-BF4B-00C04F79EFBC}") = "SparkBook.API", "SparkBook.API.csproj", "{1D0C0242-3994-4E4E-A30E-6DFFAAE2C39C}"
EndProject
Project("{2150E333-8FDC-42A3-9474-1A3956D46DE8}") = "Business", "Business", "{AE668D10-091D-4297-805E-5E2C63792327}"
EndProject
Project("{2150E333-8FDC-42A3-9474-1A3956D46DE8}") = "DataAccess", "DataAccess", "{6D00C773-8DA8-449F-9407-94E32AB891EB}"
EndProject
Project("{2150E333-8FDC-42A3-9474-1A3956D46DE8}") = "DomainModel", "DomainModel", "{03A74C56-C830-4A86-8854-2239B323332F}"
EndProject
Project("{9A19103F-16F7-4668-BE54-9A1E7A4F7556}") = "DataAccess", "..\..\..\..\..\..\..\SparkBook\Web App\DataAccess\DataAccess.csproj", "{DE4C961B-08FC-458E-92B5-6E1009928CCC}"
EndProject
Project("{9A19103F-16F7-4668-BE54-9A1E7A4F7556}") = "BusinessLogic", "..\..\..\..\..\..\..\SparkBook\Web App\BusinessLogic\BusinessLogic.csproj", "{F9E77F58-F055-4FB8-A199-F822E53D99D2}"
EndProject
Project("{9A19103F-16F7-4668-BE54-9A1E7A4F7556}") = "DataObjects", "..\..\..\..\..\..\..\SparkBook\Web App\DataObjects\DataObjects.csproj", "{244CBEC3-05C5-4D90-A3D9-57259D29F5AD}"
EndProject
Global
	GlobalSection(SolutionConfigurationPlatforms) = preSolution
		Debug|Any CPU = Debug|Any CPU
		Release|Any CPU = Release|Any CPU
	EndGlobalSection
	GlobalSection(ProjectConfigurationPlatforms) = postSolution
		{1D0C0242-3994-4E4E-A30E-6DFFAAE2C39C}.Debug|Any CPU.ActiveCfg = Debug|Any CPU
		{1D0C0242-3994-4E4E-A30E-6DFFAAE2C39C}.Debug|Any CPU.Build.0 = Debug|Any CPU
		{1D0C0242-3994-4E4E-A30E-6DFFAAE2C39C}.Release|Any CPU.ActiveCfg = Release|Any CPU
		{1D0C0242-3994-4E4E-A30E-6DFFAAE2C39C}.Release|Any CPU.Build.0 = Release|Any CPU
		{DE4C961B-08FC-458E-92B5-6E1009928CCC}.Debug|Any CPU.ActiveCfg = Debug|Any CPU
		{DE4C961B-08FC-458E-92B5-6E1009928CCC}.Debug|Any CPU.Build.0 = Debug|Any CPU
		{DE4C961B-08FC-458E-92B5-6E1009928CCC}.Release|Any CPU.ActiveCfg = Release|Any CPU
		{DE4C961B-08FC-458E-92B5-6E1009928CCC}.Release|Any CPU.Build.0 = Release|Any CPU
		{F9E77F58-F055-4FB8-A199-F822E53D99D2}.Debug|Any CPU.ActiveCfg = Debug|Any CPU
		{F9E77F58-F055-4FB8-A199-F822E53D99D2}.Debug|Any CPU.Build.0 = Debug|Any CPU
		{F9E77F58-F055-4FB8-A199-F822E53D99D2}.Release|Any CPU.ActiveCfg = Release|Any CPU
		{F9E77F58-F055-4FB8-A199-F822E53D99D2}.Release|Any CPU.Build.0 = Release|Any CPU
		{244CBEC3-05C5-4D90-A3D9-57259D29F5AD}.Debug|Any CPU.ActiveCfg = Debug|Any CPU
		{244CBEC3-05C5-4D90-A3D9-57259D29F5AD}.Debug|Any CPU.Build.0 = Debug|Any CPU
		{244CBEC3-05C5-4D90-A3D9-57259D29F5AD}.Release|Any CPU.ActiveCfg = Release|Any CPU
		{244CBEC3-05C5-4D90-A3D9-57259D29F5AD}.Release|Any CPU.Build.0 = Release|Any CPU
	EndGlobalSection
	GlobalSection(SolutionProperties) = preSolution
		HideSolutionNode = FALSE
	EndGlobalSection
	GlobalSection(NestedProjects) = preSolution
		{DE4C961B-08FC-458E-92B5-6E1009928CCC} = {6D00C773-8DA8-449F-9407-94E32AB891EB}
		{F9E77F58-F055-4FB8-A199-F822E53D99D2} = {AE668D10-091D-4297-805E-5E2C63792327}
		{244CBEC3-05C5-4D90-A3D9-57259D29F5AD} = {03A74C56-C830-4A86-8854-2239B323332F}
	EndGlobalSection
	GlobalSection(ExtensibilityGlobals) = postSolution
		SolutionGuid = {356D2E8E-0853-4522-9A87-47E5CEBF3372}
	EndGlobalSection
EndGlobal
