
Microsoft Visual Studio Solution File, Format Version 12.00
# Visual Studio Version 17
VisualStudioVersion = 17.9.34622.214
MinimumVisualStudioVersion = 10.0.40219.1
Project("{9A19103F-16F7-4668-BE54-9A1E7A4F7556}") = "SparkBook.UI", "SparkBook.UI.csproj", "{4D2C0CCA-3C5D-4239-8FE0-D5E2B6A429BF}"
EndProject
Project("{9A19103F-16F7-4668-BE54-9A1E7A4F7556}") = "BusinessLogic", "..\BusinessLogic\BusinessLogic.csproj", "{6B59D3BB-EBAC-4C33-B4A6-40F2BE12C703}"
EndProject
Project("{9A19103F-16F7-4668-BE54-9A1E7A4F7556}") = "DataObjects", "..\DataObjects\DataObjects.csproj", "{FA1CB6DA-A630-4ACB-B52B-EC2D4A44DB96}"
EndProject
Global
	GlobalSection(SolutionConfigurationPlatforms) = preSolution
		Debug|Any CPU = Debug|Any CPU
		Release|Any CPU = Release|Any CPU
	EndGlobalSection
	GlobalSection(ProjectConfigurationPlatforms) = postSolution
		{4D2C0CCA-3C5D-4239-8FE0-D5E2B6A429BF}.Debug|Any CPU.ActiveCfg = Debug|Any CPU
		{4D2C0CCA-3C5D-4239-8FE0-D5E2B6A429BF}.Debug|Any CPU.Build.0 = Debug|Any CPU
		{4D2C0CCA-3C5D-4239-8FE0-D5E2B6A429BF}.Release|Any CPU.ActiveCfg = Release|Any CPU
		{4D2C0CCA-3C5D-4239-8FE0-D5E2B6A429BF}.Release|Any CPU.Build.0 = Release|Any CPU
		{6B59D3BB-EBAC-4C33-B4A6-40F2BE12C703}.Debug|Any CPU.ActiveCfg = Debug|Any CPU
		{6B59D3BB-EBAC-4C33-B4A6-40F2BE12C703}.Debug|Any CPU.Build.0 = Debug|Any CPU
		{6B59D3BB-EBAC-4C33-B4A6-40F2BE12C703}.Release|Any CPU.ActiveCfg = Release|Any CPU
		{6B59D3BB-EBAC-4C33-B4A6-40F2BE12C703}.Release|Any CPU.Build.0 = Release|Any CPU
		{FA1CB6DA-A630-4ACB-B52B-EC2D4A44DB96}.Debug|Any CPU.ActiveCfg = Debug|Any CPU
		{FA1CB6DA-A630-4ACB-B52B-EC2D4A44DB96}.Debug|Any CPU.Build.0 = Debug|Any CPU
		{FA1CB6DA-A630-4ACB-B52B-EC2D4A44DB96}.Release|Any CPU.ActiveCfg = Release|Any CPU
		{FA1CB6DA-A630-4ACB-B52B-EC2D4A44DB96}.Release|Any CPU.Build.0 = Release|Any CPU
	EndGlobalSection
	GlobalSection(SolutionProperties) = preSolution
		HideSolutionNode = FALSE
	EndGlobalSection
	GlobalSection(ExtensibilityGlobals) = postSolution
		SolutionGuid = {E576D592-8E37-4810-B396-88656628C35C}
	EndGlobalSection
EndGlobal
